
Microsoft Visual Studio Solution File, Format Version 12.00
Project("{FAE04EC0-301F-11D3-BF4B-00C04F79EFBC}") = "JustJackjon.CheckoutKata.Library", "JustJackjon.CheckoutKata.Library\JustJackjon.CheckoutKata.Library.csproj", "{1F86548D-239C-476B-8C43-C543B378832B}"
EndProject
Project("{FAE04EC0-301F-11D3-BF4B-00C04F79EFBC}") = "JustJackjon.CheckoutKata.UnitTests", "JustJackjon.CheckoutKata.UnitTests\JustJackjon.CheckoutKata.UnitTests.csproj", "{3F0580FD-DF96-4BE2-9CCE-23632FB709A5}"
EndProject
Global
	GlobalSection(SolutionConfigurationPlatforms) = preSolution
		Debug|Any CPU = Debug|Any CPU
		Release|Any CPU = Release|Any CPU
	EndGlobalSection
	GlobalSection(ProjectConfigurationPlatforms) = postSolution
		{1F86548D-239C-476B-8C43-C543B378832B}.Debug|Any CPU.ActiveCfg = Debug|Any CPU
		{1F86548D-239C-476B-8C43-C543B378832B}.Debug|Any CPU.Build.0 = Debug|Any CPU
		{1F86548D-239C-476B-8C43-C543B378832B}.Release|Any CPU.ActiveCfg = Release|Any CPU
		{1F86548D-239C-476B-8C43-C543B378832B}.Release|Any CPU.Build.0 = Release|Any CPU
		{3F0580FD-DF96-4BE2-9CCE-23632FB709A5}.Debug|Any CPU.ActiveCfg = Debug|Any CPU
		{3F0580FD-DF96-4BE2-9CCE-23632FB709A5}.Debug|Any CPU.Build.0 = Debug|Any CPU
		{3F0580FD-DF96-4BE2-9CCE-23632FB709A5}.Release|Any CPU.ActiveCfg = Release|Any CPU
		{3F0580FD-DF96-4BE2-9CCE-23632FB709A5}.Release|Any CPU.Build.0 = Release|Any CPU
	EndGlobalSection
EndGlobal
